PODS:
  - Alamofire (4.5.1)
  - AlamofireNetworkActivityLogger (2.2.0):
    - Alamofire (~> 4.0)
  - ChameleonFramework/Default (2.1.0)
  - ChameleonFramework/Swift (2.1.0):
    - ChameleonFramework/Default
  - PromiseKit (4.4.3):
    - PromiseKit/Foundation (= 4.4.3)
    - PromiseKit/QuartzCore (= 4.4.3)
    - PromiseKit/UIKit (= 4.4.3)
  - PromiseKit/Alamofire (4.4.3):
    - Alamofire (~> 4.0)
    - PromiseKit/CorePromise
  - PromiseKit/CorePromise (4.4.3)
  - PromiseKit/Foundation (4.4.3):
    - PromiseKit/CorePromise
  - PromiseKit/QuartzCore (4.4.3):
    - PromiseKit/CorePromise
  - PromiseKit/UIKit (4.4.3):
    - PromiseKit/CorePromise
  - Realm (2.10.1):
    - Realm/Headers (= 2.10.1)
  - Realm/Headers (2.10.1)
  - RealmSwift (2.10.1):
    - Realm (= 2.10.1)
  - SwiftDate (4.4.2)

DEPENDENCIES:
  - Alamofire
  - AlamofireNetworkActivityLogger
  - ChameleonFramework/Swift
  - PromiseKit
  - PromiseKit/Alamofire
  - RealmSwift
  - SwiftDate

SPEC CHECKSUMS:
  Alamofire: 2d95912bf4c34f164fdfc335872e8c312acaea4a
  AlamofireNetworkActivityLogger: a7ae1842988b3f6248a49213268375bd27b515f0
  ChameleonFramework: d21a3cc247abfe5e37609a283a8238b03575cf64
  PromiseKit: fbb52a0d154402c57eeb6eccd36dd7724fcf6117
  Realm: fc7a317a5c2c9ba91f5f235ede4e2ea76e9eba0c
  RealmSwift: 505ed6c15942a2e76f5cfa78a8667cfa997ee75b
  SwiftDate: 131cf2f09b390f0a07f0099e36005ffe2fbf4c7e

PODFILE CHECKSUM: da4dadb16f8104c835be52ea4def99d22a9e286a

COCOAPODS: 1.3.1
