// !$*UTF8*$!
{
	archiveVersion = 1;
	classes = {
	};
	objectVersion = 48;
	objects = {

/* Begin PBXBuildFile section */
		7944EFB31FDD8F45008150F7 /* GroupSelectionCell.swift in Sources */ = {isa = PBXBuildFile; fileRef = 7944EFB11FDD8F45008150F7 /* GroupSelectionCell.swift */; };
		7944EFB41FDD8F45008150F7 /* GroupSelectionScene.swift in Sources */ = {isa = PBXBuildFile; fileRef = 7944EFB21FDD8F45008150F7 /* GroupSelectionScene.swift */; };
		7944EFBE1FDD8F98008150F7 /* Day.swift in Sources */ = {isa = PBXBuildFile; fileRef = 7944EFB71FDD8F98008150F7 /* Day.swift */; };
		7944EFBF1FDD8F98008150F7 /* Week.swift in Sources */ = {isa = PBXBuildFile; fileRef = 7944EFB81FDD8F98008150F7 /* Week.swift */; };
		7944EFC01FDD8F98008150F7 /* LessonDto.swift in Sources */ = {isa = PBXBuildFile; fileRef = 7944EFB91FDD8F98008150F7 /* LessonDto.swift */; };
		7944EFC11FDD8F98008150F7 /* DayDto.swift in Sources */ = {isa = PBXBuildFile; fileRef = 7944EFBA1FDD8F98008150F7 /* DayDto.swift */; };
		7944EFC21FDD8F98008150F7 /* Subgroup.swift in Sources */ = {isa = PBXBuildFile; fileRef = 7944EFBB1FDD8F98008150F7 /* Subgroup.swift */; };
		7944EFC31FDD8F98008150F7 /* Group.swift in Sources */ = {isa = PBXBuildFile; fileRef = 7944EFBC1FDD8F98008150F7 /* Group.swift */; };
		7944EFC41FDD8F98008150F7 /* Lesson.swift in Sources */ = {isa = PBXBuildFile; fileRef = 7944EFBD1FDD8F98008150F7 /* Lesson.swift */; };
		7944EFC71FDD8FB7008150F7 /* RealmManager.swift in Sources */ = {isa = PBXBuildFile; fileRef = 7944EFC61FDD8FB7008150F7 /* RealmManager.swift */; };
		7944EFCB1FDD8FD5008150F7 /* WebApi.swift in Sources */ = {isa = PBXBuildFile; fileRef = 7944EFC91FDD8FD5008150F7 /* WebApi.swift */; };
		7944EFCC1FDD8FD5008150F7 /* WebApiError.swift in Sources */ = {isa = PBXBuildFile; fileRef = 7944EFCA1FDD8FD5008150F7 /* WebApiError.swift */; };
		7944EFCF1FDD907B008150F7 /* GroupLogic.swift in Sources */ = {isa = PBXBuildFile; fileRef = 7944EFCE1FDD907B008150F7 /* GroupLogic.swift */; };
		7944EFD11FDD9183008150F7 /* Preferences.swift in Sources */ = {isa = PBXBuildFile; fileRef = 7944EFD01FDD9183008150F7 /* Preferences.swift */; };
		797193801FDDAE0600F3B3C2 /* LessonsListScene.swift in Sources */ = {isa = PBXBuildFile; fileRef = 7971937F1FDDAE0600F3B3C2 /* LessonsListScene.swift */; };
		797193821FDDAE4000F3B3C2 /* LessonLogic.swift in Sources */ = {isa = PBXBuildFile; fileRef = 797193811FDDAE4000F3B3C2 /* LessonLogic.swift */; };
		7971938E1FDDD75500F3B3C2 /* Formatter.swift in Sources */ = {isa = PBXBuildFile; fileRef = 7971938D1FDDD75500F3B3C2 /* Formatter.swift */; };
		797193901FDDEA8A00F3B3C2 /* UIViewPlus.swift in Sources */ = {isa = PBXBuildFile; fileRef = 7971938F1FDDEA8A00F3B3C2 /* UIViewPlus.swift */; };
		797193941FDFC76500F3B3C2 /* ScheduleCell.swift in Sources */ = {isa = PBXBuildFile; fileRef = 797193931FDFC76500F3B3C2 /* ScheduleCell.swift */; };
		797193971FE04FEE00F3B3C2 /* ScheduleView.swift in Sources */ = {isa = PBXBuildFile; fileRef = 797193961FE04FEE00F3B3C2 /* ScheduleView.swift */; };
		79B3C19B1F851267001A9FB3 /* AppDelegate.swift in Sources */ = {isa = PBXBuildFile; fileRef = 79B3C19A1F851267001A9FB3 /* AppDelegate.swift */; };
		79B3C1A01F851267001A9FB3 /* Main.storyboard in Resources */ = {isa = PBXBuildFile; fileRef = 79B3C19E1F851267001A9FB3 /* Main.storyboard */; };
		79B3C1A21F851267001A9FB3 /* Assets.xcassets in Resources */ = {isa = PBXBuildFile; fileRef = 79B3C1A11F851267001A9FB3 /* Assets.xcassets */; };
		79B3C1A51F851267001A9FB3 /* LaunchScreen.storyboard in Resources */ = {isa = PBXBuildFile; fileRef = 79B3C1A31F851267001A9FB3 /* LaunchScreen.storyboard */; };
		D79FF514D2A9F9E77C6CB961 /* Pods_NaftaRozklad.framework in Frameworks */ = {isa = PBXBuildFile; fileRef = AC125A4F4EADF6145456110C /* Pods_NaftaRozklad.framework */; };
/* End PBXBuildFile section */

/* Begin PBXFileReference section */
		21B1808456216D725AD7F549 /* Pods-NaftaRozklad.release.xcconfig */ = {isa = PBXFileReference; includeInIndex = 1; lastKnownFileType = text.xcconfig; name = "Pods-NaftaRozklad.release.xcconfig"; path = "Pods/Target Support Files/Pods-NaftaRozklad/Pods-NaftaRozklad.release.xcconfig"; sourceTree = "<group>"; };
		7944EFB11FDD8F45008150F7 /* GroupSelectionCell.swift */ = {isa = PBXFileReference; fileEncoding = 4; lastKnownFileType = sourcecode.swift; path = GroupSelectionCell.swift; sourceTree = "<group>"; };
		7944EFB21FDD8F45008150F7 /* GroupSelectionScene.swift */ = {isa = PBXFileReference; fileEncoding = 4; lastKnownFileType = sourcecode.swift; path = GroupSelectionScene.swift; sourceTree = "<group>"; };
		7944EFB71FDD8F98008150F7 /* Day.swift */ = {isa = PBXFileReference; fileEncoding = 4; lastKnownFileType = sourcecode.swift; path = Day.swift; sourceTree = "<group>"; };
		7944EFB81FDD8F98008150F7 /* Week.swift */ = {isa = PBXFileReference; fileEncoding = 4; lastKnownFileType = sourcecode.swift; path = Week.swift; sourceTree = "<group>"; };
		7944EFB91FDD8F98008150F7 /* LessonDto.swift */ = {isa = PBXFileReference; fileEncoding = 4; lastKnownFileType = sourcecode.swift; path = LessonDto.swift; sourceTree = "<group>"; };
		7944EFBA1FDD8F98008150F7 /* DayDto.swift */ = {isa = PBXFileReference; fileEncoding = 4; lastKnownFileType = sourcecode.swift; path = DayDto.swift; sourceTree = "<group>"; };
		7944EFBB1FDD8F98008150F7 /* Subgroup.swift */ = {isa = PBXFileReference; fileEncoding = 4; lastKnownFileType = sourcecode.swift; path = Subgroup.swift; sourceTree = "<group>"; };
		7944EFBC1FDD8F98008150F7 /* Group.swift */ = {isa = PBXFileReference; fileEncoding = 4; lastKnownFileType = sourcecode.swift; path = Group.swift; sourceTree = "<group>"; };
		7944EFBD1FDD8F98008150F7 /* Lesson.swift */ = {isa = PBXFileReference; fileEncoding = 4; lastKnownFileType = sourcecode.swift; path = Lesson.swift; sourceTree = "<group>"; };
		7944EFC61FDD8FB7008150F7 /* RealmManager.swift */ = {isa = PBXFileReference; fileEncoding = 4; lastKnownFileType = sourcecode.swift; path = RealmManager.swift; sourceTree = "<group>"; };
		7944EFC91FDD8FD5008150F7 /* WebApi.swift */ = {isa = PBXFileReference; fileEncoding = 4; lastKnownFileType = sourcecode.swift; path = WebApi.swift; sourceTree = "<group>"; };
		7944EFCA1FDD8FD5008150F7 /* WebApiError.swift */ = {isa = PBXFileReference; fileEncoding = 4; lastKnownFileType = sourcecode.swift; path = WebApiError.swift; sourceTree = "<group>"; };
		7944EFCE1FDD907B008150F7 /* GroupLogic.swift */ = {isa = PBXFileReference; fileEncoding = 4; lastKnownFileType = sourcecode.swift; path = GroupLogic.swift; sourceTree = "<group>"; };
		7944EFD01FDD9183008150F7 /* Preferences.swift */ = {isa = PBXFileReference; lastKnownFileType = sourcecode.swift; path = Preferences.swift; sourceTree = "<group>"; };
		7971937F1FDDAE0600F3B3C2 /* LessonsListScene.swift */ = {isa = PBXFileReference; lastKnownFileType = sourcecode.swift; path = LessonsListScene.swift; sourceTree = "<group>"; };
		797193811FDDAE4000F3B3C2 /* LessonLogic.swift */ = {isa = PBXFileReference; lastKnownFileType = sourcecode.swift; path = LessonLogic.swift; sourceTree = "<group>"; };
		7971938D1FDDD75500F3B3C2 /* Formatter.swift */ = {isa = PBXFileReference; lastKnownFileType = sourcecode.swift; path = Formatter.swift; sourceTree = "<group>"; };
		7971938F1FDDEA8A00F3B3C2 /* UIViewPlus.swift */ = {isa = PBXFileReference; lastKnownFileType = sourcecode.swift; path = UIViewPlus.swift; sourceTree = "<group>"; };
		797193931FDFC76500F3B3C2 /* ScheduleCell.swift */ = {isa = PBXFileReference; lastKnownFileType = sourcecode.swift; path = ScheduleCell.swift; sourceTree = "<group>"; };
		797193961FE04FEE00F3B3C2 /* ScheduleView.swift */ = {isa = PBXFileReference; lastKnownFileType = sourcecode.swift; path = ScheduleView.swift; sourceTree = "<group>"; };
		79B3C1971F851267001A9FB3 /* NaftaRozklad.app */ = {isa = PBXFileReference; explicitFileType = wrapper.application; includeInIndex = 0; path = NaftaRozklad.app; sourceTree = BUILT_PRODUCTS_DIR; };
		79B3C19A1F851267001A9FB3 /* AppDelegate.swift */ = {isa = PBXFileReference; lastKnownFileType = sourcecode.swift; path = AppDelegate.swift; sourceTree = "<group>"; };
		79B3C19F1F851267001A9FB3 /* Base */ = {isa = PBXFileReference; lastKnownFileType = file.storyboard; name = Base; path = Base.lproj/Main.storyboard; sourceTree = "<group>"; };
		79B3C1A11F851267001A9FB3 /* Assets.xcassets */ = {isa = PBXFileReference; lastKnownFileType = folder.assetcatalog; path = Assets.xcassets; sourceTree = "<group>"; };
		79B3C1A41F851267001A9FB3 /* Base */ = {isa = PBXFileReference; lastKnownFileType = file.storyboard; name = Base; path = Base.lproj/LaunchScreen.storyboard; sourceTree = "<group>"; };
		79B3C1A61F851267001A9FB3 /* Info.plist */ = {isa = PBXFileReference; lastKnownFileType = text.plist.xml; path = Info.plist; sourceTree = "<group>"; };
		AC125A4F4EADF6145456110C /* Pods_NaftaRozklad.framework */ = {isa = PBXFileReference; explicitFileType = wrapper.framework; includeInIndex = 0; path = Pods_NaftaRozklad.framework; sourceTree = BUILT_PRODUCTS_DIR; };
		AE041573348E51335144C60D /* Pods-NaftaRozklad.debug.xcconfig */ = {isa = PBXFileReference; includeInIndex = 1; lastKnownFileType = text.xcconfig; name = "Pods-NaftaRozklad.debug.xcconfig"; path = "Pods/Target Support Files/Pods-NaftaRozklad/Pods-NaftaRozklad.debug.xcconfig"; sourceTree = "<group>"; };
/* End PBXFileReference section */

/* Begin PBXFrameworksBuildPhase section */
		79B3C1941F851267001A9FB3 /* Frameworks */ = {
			isa = PBXFrameworksBuildPhase;
			buildActionMask = 2147483647;
			files = (
				D79FF514D2A9F9E77C6CB961 /* Pods_NaftaRozklad.framework in Frameworks */,
			);
			runOnlyForDeploymentPostprocessing = 0;
		};
/* End PBXFrameworksBuildPhase section */

/* Begin PBXGroup section */
		342A1B3BAF855F5DCB8A36F0 /* Pods */ = {
			isa = PBXGroup;
			children = (
				AE041573348E51335144C60D /* Pods-NaftaRozklad.debug.xcconfig */,
				21B1808456216D725AD7F549 /* Pods-NaftaRozklad.release.xcconfig */,
			);
			name = Pods;
			sourceTree = "<group>";
		};
		36B639F00AA0DC8F8304A954 /* Frameworks */ = {
			isa = PBXGroup;
			children = (
				AC125A4F4EADF6145456110C /* Pods_NaftaRozklad.framework */,
			);
			name = Frameworks;
			sourceTree = "<group>";
		};
		7944EFAF1FDD8EA8008150F7 /* Scenes */ = {
			isa = PBXGroup;
			children = (
				7971937E1FDDAD6700F3B3C2 /* LessonsListScene */,
				7944EFB01FDD8F15008150F7 /* GroupSelectionScene */,
			);
			path = Scenes;
			sourceTree = "<group>";
		};
		7944EFB01FDD8F15008150F7 /* GroupSelectionScene */ = {
			isa = PBXGroup;
			children = (
				7944EFB11FDD8F45008150F7 /* GroupSelectionCell.swift */,
				7944EFB21FDD8F45008150F7 /* GroupSelectionScene.swift */,
			);
			path = GroupSelectionScene;
			sourceTree = "<group>";
		};
		7944EFB51FDD8F61008150F7 /* DataAccess */ = {
			isa = PBXGroup;
			children = (
				7944EFC81FDD8FBC008150F7 /* WebApi */,
				7944EFC51FDD8FA2008150F7 /* Database */,
				7944EFB61FDD8F82008150F7 /* Models */,
			);
			path = DataAccess;
			sourceTree = "<group>";
		};
		7944EFB61FDD8F82008150F7 /* Models */ = {
			isa = PBXGroup;
			children = (
				7944EFB71FDD8F98008150F7 /* Day.swift */,
				7944EFBA1FDD8F98008150F7 /* DayDto.swift */,
				7944EFBC1FDD8F98008150F7 /* Group.swift */,
				7944EFBD1FDD8F98008150F7 /* Lesson.swift */,
				7944EFB91FDD8F98008150F7 /* LessonDto.swift */,
				7944EFBB1FDD8F98008150F7 /* Subgroup.swift */,
				7944EFB81FDD8F98008150F7 /* Week.swift */,
			);
			path = Models;
			sourceTree = "<group>";
		};
		7944EFC51FDD8FA2008150F7 /* Database */ = {
			isa = PBXGroup;
			children = (
				7944EFC61FDD8FB7008150F7 /* RealmManager.swift */,
				7944EFD01FDD9183008150F7 /* Preferences.swift */,
			);
			path = Database;
			sourceTree = "<group>";
		};
		7944EFC81FDD8FBC008150F7 /* WebApi */ = {
			isa = PBXGroup;
			children = (
				7944EFC91FDD8FD5008150F7 /* WebApi.swift */,
				7944EFCA1FDD8FD5008150F7 /* WebApiError.swift */,
			);
			path = WebApi;
			sourceTree = "<group>";
		};
		7944EFCD1FDD9055008150F7 /* Business */ = {
			isa = PBXGroup;
			children = (
				7944EFCE1FDD907B008150F7 /* GroupLogic.swift */,
				797193811FDDAE4000F3B3C2 /* LessonLogic.swift */,
				7971938D1FDDD75500F3B3C2 /* Formatter.swift */,
			);
			path = Business;
			sourceTree = "<group>";
		};
		7971937E1FDDAD6700F3B3C2 /* LessonsListScene */ = {
			isa = PBXGroup;
			children = (
				7971937F1FDDAE0600F3B3C2 /* LessonsListScene.swift */,
				797193931FDFC76500F3B3C2 /* ScheduleCell.swift */,
			);
			path = LessonsListScene;
			sourceTree = "<group>";
		};
		797193831FDDBBDD00F3B3C2 /* Views */ = {
			isa = PBXGroup;
			children = (
				797193951FE04FC100F3B3C2 /* ScheduleView */,
				7971938F1FDDEA8A00F3B3C2 /* UIViewPlus.swift */,
			);
			path = Views;
			sourceTree = "<group>";
		};
		797193951FE04FC100F3B3C2 /* ScheduleView */ = {
			isa = PBXGroup;
			children = (
				797193961FE04FEE00F3B3C2 /* ScheduleView.swift */,
			);
			path = ScheduleView;
			sourceTree = "<group>";
		};
		79B3C18E1F851267001A9FB3 = {
			isa = PBXGroup;
			children = (
				79B3C1991F851267001A9FB3 /* NaftaRozklad */,
				79B3C1981F851267001A9FB3 /* Products */,
				342A1B3BAF855F5DCB8A36F0 /* Pods */,
				36B639F00AA0DC8F8304A954 /* Frameworks */,
			);
			sourceTree = "<group>";
		};
		79B3C1981F851267001A9FB3 /* Products */ = {
			isa = PBXGroup;
			children = (
				79B3C1971F851267001A9FB3 /* NaftaRozklad.app */,
			);
			name = Products;
			sourceTree = "<group>";
		};
		79B3C1991F851267001A9FB3 /* NaftaRozklad */ = {
			isa = PBXGroup;
			children = (
				797193831FDDBBDD00F3B3C2 /* Views */,
				7944EFCD1FDD9055008150F7 /* Business */,
				7944EFB51FDD8F61008150F7 /* DataAccess */,
				7944EFAF1FDD8EA8008150F7 /* Scenes */,
				79B3C19A1F851267001A9FB3 /* AppDelegate.swift */,
				79B3C19E1F851267001A9FB3 /* Main.storyboard */,
				79B3C1A11F851267001A9FB3 /* Assets.xcassets */,
				79B3C1A31F851267001A9FB3 /* LaunchScreen.storyboard */,
				79B3C1A61F851267001A9FB3 /* Info.plist */,
			);
			path = NaftaRozklad;
			sourceTree = "<group>";
		};
/* End PBXGroup section */

/* Begin PBXNativeTarget section */
		79B3C1961F851267001A9FB3 /* NaftaRozklad */ = {
			isa = PBXNativeTarget;
			buildConfigurationList = 79B3C1A91F851267001A9FB3 /* Build configuration list for PBXNativeTarget "NaftaRozklad" */;
			buildPhases = (
				A003680377F78F24648DCD8F /* [CP] Check Pods Manifest.lock */,
				79B3C1931F851267001A9FB3 /* Sources */,
				79B3C1941F851267001A9FB3 /* Frameworks */,
				79B3C1951F851267001A9FB3 /* Resources */,
				7B7C2AE3E2BE25DDAB1DF05D /* [CP] Embed Pods Frameworks */,
				601E415A1E71DAF32432D981 /* [CP] Copy Pods Resources */,
			);
			buildRules = (
			);
			dependencies = (
			);
			name = NaftaRozklad;
			productName = NaftaRozklad;
			productReference = 79B3C1971F851267001A9FB3 /* NaftaRozklad.app */;
			productType = "com.apple.product-type.application";
		};
/* End PBXNativeTarget section */

/* Begin PBXProject section */
		79B3C18F1F851267001A9FB3 /* Project object */ = {
			isa = PBXProject;
			attributes = {
				LastSwiftUpdateCheck = 0900;
				LastUpgradeCheck = 0900;
				ORGANIZATIONNAME = "Yevhen Velizhenkov";
				TargetAttributes = {
					79B3C1961F851267001A9FB3 = {
						CreatedOnToolsVersion = 9.0;
						ProvisioningStyle = Automatic;
					};
				};
			};
			buildConfigurationList = 79B3C1921F851267001A9FB3 /* Build configuration list for PBXProject "NaftaRozklad" */;
			compatibilityVersion = "Xcode 8.0";
			developmentRegion = en;
			hasScannedForEncodings = 0;
			knownRegions = (
				en,
				Base,
			);
			mainGroup = 79B3C18E1F851267001A9FB3;
			productRefGroup = 79B3C1981F851267001A9FB3 /* Products */;
			projectDirPath = "";
			projectRoot = "";
			targets = (
				79B3C1961F851267001A9FB3 /* NaftaRozklad */,
			);
		};
/* End PBXProject section */

/* Begin PBXResourcesBuildPhase section */
		79B3C1951F851267001A9FB3 /* Resources */ = {
			isa = PBXResourcesBuildPhase;
			buildActionMask = 2147483647;
			files = (
				79B3C1A51F851267001A9FB3 /* LaunchScreen.storyboard in Resources */,
				79B3C1A21F851267001A9FB3 /* Assets.xcassets in Resources */,
				79B3C1A01F851267001A9FB3 /* Main.storyboard in Resources */,
			);
			runOnlyForDeploymentPostprocessing = 0;
		};
/* End PBXResourcesBuildPhase section */

/* Begin PBXShellScriptBuildPhase section */
		601E415A1E71DAF32432D981 /* [CP] Copy Pods Resources */ = {
			isa = PBXShellScriptBuildPhase;
			buildActionMask = 2147483647;
			files = (
			);
			inputPaths = (
			);
			name = "[CP] Copy Pods Resources";
			outputPaths = (
			);
			runOnlyForDeploymentPostprocessing = 0;
			shellPath = /bin/sh;
			shellScript = "\"${SRCROOT}/Pods/Target Support Files/Pods-NaftaRozklad/Pods-NaftaRozklad-resources.sh\"\n";
			showEnvVarsInLog = 0;
		};
		7B7C2AE3E2BE25DDAB1DF05D /* [CP] Embed Pods Frameworks */ = {
			isa = PBXShellScriptBuildPhase;
			buildActionMask = 2147483647;
			files = (
			);
			inputPaths = (
				"${SRCROOT}/Pods/Target Support Files/Pods-NaftaRozklad/Pods-NaftaRozklad-frameworks.sh",
				"${BUILT_PRODUCTS_DIR}/Alamofire/Alamofire.framework",
				"${BUILT_PRODUCTS_DIR}/ChameleonFramework/ChameleonFramework.framework",
				"${BUILT_PRODUCTS_DIR}/PromiseKit/PromiseKit.framework",
				"${BUILT_PRODUCTS_DIR}/Realm/Realm.framework",
				"${BUILT_PRODUCTS_DIR}/RealmSwift/RealmSwift.framework",
				"${BUILT_PRODUCTS_DIR}/SwiftDate/SwiftDate.framework",
			);
			name = "[CP] Embed Pods Frameworks";
			outputPaths = (
				"${TARGET_BUILD_DIR}/${FRAMEWORKS_FOLDER_PATH}/Alamofire.framework",
				"${TARGET_BUILD_DIR}/${FRAMEWORKS_FOLDER_PATH}/ChameleonFramework.framework",
				"${TARGET_BUILD_DIR}/${FRAMEWORKS_FOLDER_PATH}/PromiseKit.framework",
				"${TARGET_BUILD_DIR}/${FRAMEWORKS_FOLDER_PATH}/Realm.framework",
				"${TARGET_BUILD_DIR}/${FRAMEWORKS_FOLDER_PATH}/RealmSwift.framework",
				"${TARGET_BUILD_DIR}/${FRAMEWORKS_FOLDER_PATH}/SwiftDate.framework",
			);
			runOnlyForDeploymentPostprocessing = 0;
			shellPath = /bin/sh;
			shellScript = "\"${SRCROOT}/Pods/Target Support Files/Pods-NaftaRozklad/Pods-NaftaRozklad-frameworks.sh\"\n";
			showEnvVarsInLog = 0;
		};
		A003680377F78F24648DCD8F /* [CP] Check Pods Manifest.lock */ = {
			isa = PBXShellScriptBuildPhase;
			buildActionMask = 2147483647;
			files = (
			);
			inputPaths = (
				"${PODS_PODFILE_DIR_PATH}/Podfile.lock",
				"${PODS_ROOT}/Manifest.lock",
			);
			name = "[CP] Check Pods Manifest.lock";
			outputPaths = (
				"$(DERIVED_FILE_DIR)/Pods-NaftaRozklad-checkManifestLockResult.txt",
			);
			runOnlyForDeploymentPostprocessing = 0;
			shellPath = /bin/sh;
			shellScript = "diff \"${PODS_PODFILE_DIR_PATH}/Podfile.lock\" \"${PODS_ROOT}/Manifest.lock\" > /dev/null\nif [ $? != 0 ] ; then\n    # print error to STDERR\n    echo \"error: The sandbox is not in sync with the Podfile.lock. Run 'pod install' or update your CocoaPods installation.\" >&2\n    exit 1\nfi\n# This output is used by Xcode 'outputs' to avoid re-running this script phase.\necho \"SUCCESS\" > \"${SCRIPT_OUTPUT_FILE_0}\"\n";
			showEnvVarsInLog = 0;
		};
/* End PBXShellScriptBuildPhase section */

/* Begin PBXSourcesBuildPhase section */
		79B3C1931F851267001A9FB3 /* Sources */ = {
			isa = PBXSourcesBuildPhase;
			buildActionMask = 2147483647;
			files = (
				7971938E1FDDD75500F3B3C2 /* Formatter.swift in Sources */,
				7944EFCF1FDD907B008150F7 /* GroupLogic.swift in Sources */,
				797193941FDFC76500F3B3C2 /* ScheduleCell.swift in Sources */,
				7944EFC31FDD8F98008150F7 /* Group.swift in Sources */,
				797193801FDDAE0600F3B3C2 /* LessonsListScene.swift in Sources */,
				797193901FDDEA8A00F3B3C2 /* UIViewPlus.swift in Sources */,
				7944EFD11FDD9183008150F7 /* Preferences.swift in Sources */,
				7944EFC21FDD8F98008150F7 /* Subgroup.swift in Sources */,
				797193971FE04FEE00F3B3C2 /* ScheduleView.swift in Sources */,
				7944EFBE1FDD8F98008150F7 /* Day.swift in Sources */,
				79B3C19B1F851267001A9FB3 /* AppDelegate.swift in Sources */,
				797193821FDDAE4000F3B3C2 /* LessonLogic.swift in Sources */,
				7944EFCB1FDD8FD5008150F7 /* WebApi.swift in Sources */,
				7944EFC11FDD8F98008150F7 /* DayDto.swift in Sources */,
				7944EFC71FDD8FB7008150F7 /* RealmManager.swift in Sources */,
				7944EFB31FDD8F45008150F7 /* GroupSelectionCell.swift in Sources */,
				7944EFBF1FDD8F98008150F7 /* Week.swift in Sources */,
				7944EFCC1FDD8FD5008150F7 /* WebApiError.swift in Sources */,
				7944EFC01FDD8F98008150F7 /* LessonDto.swift in Sources */,
				7944EFB41FDD8F45008150F7 /* GroupSelectionScene.swift in Sources */,
				7944EFC41FDD8F98008150F7 /* Lesson.swift in Sources */,
			);
			runOnlyForDeploymentPostprocessing = 0;
		};
/* End PBXSourcesBuildPhase section */

/* Begin PBXVariantGroup section */
		79B3C19E1F851267001A9FB3 /* Main.storyboard */ = {
			isa = PBXVariantGroup;
			children = (
				79B3C19F1F851267001A9FB3 /* Base */,
			);
			name = Main.storyboard;
			sourceTree = "<group>";
		};
		79B3C1A31F851267001A9FB3 /* LaunchScreen.storyboard */ = {
			isa = PBXVariantGroup;
			children = (
				79B3C1A41F851267001A9FB3 /* Base */,
			);
			name = LaunchScreen.storyboard;
			sourceTree = "<group>";
		};
/* End PBXVariantGroup section */

/* Begin XCBuildConfiguration section */
		79B3C1A71F851267001A9FB3 /* Debug */ = {
			isa = XCBuildConfiguration;
			buildSettings = {
				ALWAYS_SEARCH_USER_PATHS = NO;
				CLANG_ANALYZER_NONNULL = YES;
				CLANG_ANALYZER_NUMBER_OBJECT_CONVERSION = YES_AGGRESSIVE;
				CLANG_CXX_LANGUAGE_STANDARD = "gnu++14";
				CLANG_CXX_LIBRARY = "libc++";
				CLANG_ENABLE_MODULES = YES;
				CLANG_ENABLE_OBJC_ARC = YES;
				CLANG_WARN_BLOCK_CAPTURE_AUTORELEASING = YES;
				CLANG_WARN_BOOL_CONVERSION = YES;
				CLANG_WARN_COMMA = YES;
				CLANG_WARN_CONSTANT_CONVERSION = YES;
				CLANG_WARN_DIRECT_OBJC_ISA_USAGE = YES_ERROR;
				CLANG_WARN_DOCUMENTATION_COMMENTS = YES;
				CLANG_WARN_EMPTY_BODY = YES;
				CLANG_WARN_ENUM_CONVERSION = YES;
				CLANG_WARN_INFINITE_RECURSION = YES;
				CLANG_WARN_INT_CONVERSION = YES;
				CLANG_WARN_NON_LITERAL_NULL_CONVERSION = YES;
				CLANG_WARN_OBJC_LITERAL_CONVERSION = YES;
				CLANG_WARN_OBJC_ROOT_CLASS = YES_ERROR;
				CLANG_WARN_RANGE_LOOP_ANALYSIS = YES;
				CLANG_WARN_STRICT_PROTOTYPES = YES;
				CLANG_WARN_SUSPICIOUS_MOVE = YES;
				CLANG_WARN_UNGUARDED_AVAILABILITY = YES_AGGRESSIVE;
				CLANG_WARN_UNREACHABLE_CODE = YES;
				CLANG_WARN__DUPLICATE_METHOD_MATCH = YES;
				CODE_SIGN_IDENTITY = "iPhone Developer";
				COPY_PHASE_STRIP = NO;
				DEBUG_INFORMATION_FORMAT = dwarf;
				ENABLE_STRICT_OBJC_MSGSEND = YES;
				ENABLE_TESTABILITY = YES;
				GCC_C_LANGUAGE_STANDARD = gnu11;
				GCC_DYNAMIC_NO_PIC = NO;
				GCC_NO_COMMON_BLOCKS = YES;
				GCC_OPTIMIZATION_LEVEL = 0;
				GCC_PREPROCESSOR_DEFINITIONS = (
					"DEBUG=1",
					"$(inherited)",
				);
				GCC_WARN_64_TO_32_BIT_CONVERSION = YES;
				GCC_WARN_ABOUT_RETURN_TYPE = YES_ERROR;
				GCC_WARN_UNDECLARED_SELECTOR = YES;
				GCC_WARN_UNINITIALIZED_AUTOS = YES_AGGRESSIVE;
				GCC_WARN_UNUSED_FUNCTION = YES;
				GCC_WARN_UNUSED_VARIABLE = YES;
				IPHONEOS_DEPLOYMENT_TARGET = 11.0;
				MTL_ENABLE_DEBUG_INFO = YES;
				ONLY_ACTIVE_ARCH = YES;
				SDKROOT = iphoneos;
				SWIFT_ACTIVE_COMPILATION_CONDITIONS = DEBUG;
				SWIFT_OPTIMIZATION_LEVEL = "-Onone";
			};
			name = Debug;
		};
		79B3C1A81F851267001A9FB3 /* Release */ = {
			isa = XCBuildConfiguration;
			buildSettings = {
				ALWAYS_SEARCH_USER_PATHS = NO;
				CLANG_ANALYZER_NONNULL = YES;
				CLANG_ANALYZER_NUMBER_OBJECT_CONVERSION = YES_AGGRESSIVE;
				CLANG_CXX_LANGUAGE_STANDARD = "gnu++14";
				CLANG_CXX_LIBRARY = "libc++";
				CLANG_ENABLE_MODULES = YES;
				CLANG_ENABLE_OBJC_ARC = YES;
				CLANG_WARN_BLOCK_CAPTURE_AUTORELEASING = YES;
				CLANG_WARN_BOOL_CONVERSION = YES;
				CLANG_WARN_COMMA = YES;
				CLANG_WARN_CONSTANT_CONVERSION = YES;
				CLANG_WARN_DIRECT_OBJC_ISA_USAGE = YES_ERROR;
				CLANG_WARN_DOCUMENTATION_COMMENTS = YES;
				CLANG_WARN_EMPTY_BODY = YES;
				CLANG_WARN_ENUM_CONVERSION = YES;
				CLANG_WARN_INFINITE_RECURSION = YES;
				CLANG_WARN_INT_CONVERSION = YES;
				CLANG_WARN_NON_LITERAL_NULL_CONVERSION = YES;
				CLANG_WARN_OBJC_LITERAL_CONVERSION = YES;
				CLANG_WARN_OBJC_ROOT_CLASS = YES_ERROR;
				CLANG_WARN_RANGE_LOOP_ANALYSIS = YES;
				CLANG_WARN_STRICT_PROTOTYPES = YES;
				CLANG_WARN_SUSPICIOUS_MOVE = YES;
				CLANG_WARN_UNGUARDED_AVAILABILITY = YES_AGGRESSIVE;
				CLANG_WARN_UNREACHABLE_CODE = YES;
				CLANG_WARN__DUPLICATE_METHOD_MATCH = YES;
				CODE_SIGN_IDENTITY = "iPhone Developer";
				COPY_PHASE_STRIP = NO;
				DEBUG_INFORMATION_FORMAT = "dwarf-with-dsym";
				ENABLE_NS_ASSERTIONS = NO;
				ENABLE_STRICT_OBJC_MSGSEND = YES;
				GCC_C_LANGUAGE_STANDARD = gnu11;
				GCC_NO_COMMON_BLOCKS = YES;
				GCC_WARN_64_TO_32_BIT_CONVERSION = YES;
				GCC_WARN_ABOUT_RETURN_TYPE = YES_ERROR;
				GCC_WARN_UNDECLARED_SELECTOR = YES;
				GCC_WARN_UNINITIALIZED_AUTOS = YES_AGGRESSIVE;
				GCC_WARN_UNUSED_FUNCTION = YES;
				GCC_WARN_UNUSED_VARIABLE = YES;
				IPHONEOS_DEPLOYMENT_TARGET = 11.0;
				MTL_ENABLE_DEBUG_INFO = NO;
				SDKROOT = iphoneos;
				SWIFT_OPTIMIZATION_LEVEL = "-Owholemodule";
				VALIDATE_PRODUCT = YES;
			};
			name = Release;
		};
		79B3C1AA1F851267001A9FB3 /* Debug */ = {
			isa = XCBuildConfiguration;
			baseConfigurationReference = AE041573348E51335144C60D /* Pods-NaftaRozklad.debug.xcconfig */;
			buildSettings = {
				ASSETCATALOG_COMPILER_APPICON_NAME = AppIcon;
				CODE_SIGN_STYLE = Automatic;
				DEVELOPMENT_TEAM = A3J3S3699E;
				INFOPLIST_FILE = NaftaRozklad/Info.plist;
				LD_RUNPATH_SEARCH_PATHS = "$(inherited) @executable_path/Frameworks";
				PRODUCT_BUNDLE_IDENTIFIER = com.nafta.rozklad.NaftaRozklad;
				PRODUCT_NAME = "$(TARGET_NAME)";
				SWIFT_VERSION = 4.0;
				TARGETED_DEVICE_FAMILY = "1,2";
			};
			name = Debug;
		};
		79B3C1AB1F851267001A9FB3 /* Release */ = {
			isa = XCBuildConfiguration;
			baseConfigurationReference = 21B1808456216D725AD7F549 /* Pods-NaftaRozklad.release.xcconfig */;
			buildSettings = {
				ASSETCATALOG_COMPILER_APPICON_NAME = AppIcon;
				CODE_SIGN_STYLE = Automatic;
				DEVELOPMENT_TEAM = A3J3S3699E;
				INFOPLIST_FILE = NaftaRozklad/Info.plist;
				LD_RUNPATH_SEARCH_PATHS = "$(inherited) @executable_path/Frameworks";
				PRODUCT_BUNDLE_IDENTIFIER = com.nafta.rozklad.NaftaRozklad;
				PRODUCT_NAME = "$(TARGET_NAME)";
				SWIFT_VERSION = 4.0;
				TARGETED_DEVICE_FAMILY = "1,2";
			};
			name = Release;
		};
/* End XCBuildConfiguration section */

/* Begin XCConfigurationList section */
		79B3C1921F851267001A9FB3 /* Build configuration list for PBXProject "NaftaRozklad" */ = {
			isa = XCConfigurationList;
			buildConfigurations = (
				79B3C1A71F851267001A9FB3 /* Debug */,
				79B3C1A81F851267001A9FB3 /* Release */,
			);
			defaultConfigurationIsVisible = 0;
			defaultConfigurationName = Release;
		};
		79B3C1A91F851267001A9FB3 /* Build configuration list for PBXNativeTarget "NaftaRozklad" */ = {
			isa = XCConfigurationList;
			buildConfigurations = (
				79B3C1AA1F851267001A9FB3 /* Debug */,
				79B3C1AB1F851267001A9FB3 /* Release */,
			);
			defaultConfigurationIsVisible = 0;
			defaultConfigurationName = Release;
		};
/* End XCConfigurationList section */
	};
	rootObject = 79B3C18F1F851267001A9FB3 /* Project object */;
}
