// !$*UTF8*$!
{
	archiveVersion = 1;
	classes = {
	};
	objectVersion = 48;
	objects = {

/* Begin PBXBuildFile section */
		79B3C19B1F851267001A9FB3 /* AppDelegate.swift in Sources */ = {isa = PBXBuildFile; fileRef = 79B3C19A1F851267001A9FB3 /* AppDelegate.swift */; };
		79B3C19D1F851267001A9FB3 /* LoginViewController.swift in Sources */ = {isa = PBXBuildFile; fileRef = 79B3C19C1F851267001A9FB3 /* LoginViewController.swift */; };
		79B3C1A01F851267001A9FB3 /* Main.storyboard in Resources */ = {isa = PBXBuildFile; fileRef = 79B3C19E1F851267001A9FB3 /* Main.storyboard */; };
		79B3C1A21F851267001A9FB3 /* Assets.xcassets in Resources */ = {isa = PBXBuildFile; fileRef = 79B3C1A11F851267001A9FB3 /* Assets.xcassets */; };
		79B3C1A51F851267001A9FB3 /* LaunchScreen.storyboard in Resources */ = {isa = PBXBuildFile; fileRef = 79B3C1A31F851267001A9FB3 /* LaunchScreen.storyboard */; };
		79B3C1AE1F851645001A9FB3 /* LoginTableViewCell.swift in Sources */ = {isa = PBXBuildFile; fileRef = 79B3C1AD1F851645001A9FB3 /* LoginTableViewCell.swift */; };
		79EC9CA31F851B6700E0F925 /* UniversityGroup.swift in Sources */ = {isa = PBXBuildFile; fileRef = 79EC9CA21F851B6700E0F925 /* UniversityGroup.swift */; };
		79EC9CA61F8744D300E0F925 /* ApiManager.swift in Sources */ = {isa = PBXBuildFile; fileRef = 79EC9CA51F8744D300E0F925 /* ApiManager.swift */; };
		D79FF514D2A9F9E77C6CB961 /* Pods_NaftaRozklad.framework in Frameworks */ = {isa = PBXBuildFile; fileRef = AC125A4F4EADF6145456110C /* Pods_NaftaRozklad.framework */; };
/* End PBXBuildFile section */

/* Begin PBXFileReference section */
		21B1808456216D725AD7F549 /* Pods-NaftaRozklad.release.xcconfig */ = {isa = PBXFileReference; includeInIndex = 1; lastKnownFileType = text.xcconfig; name = "Pods-NaftaRozklad.release.xcconfig"; path = "Pods/Target Support Files/Pods-NaftaRozklad/Pods-NaftaRozklad.release.xcconfig"; sourceTree = "<group>"; };
		79B3C1971F851267001A9FB3 /* NaftaRozklad.app */ = {isa = PBXFileReference; explicitFileType = wrapper.application; includeInIndex = 0; path = NaftaRozklad.app; sourceTree = BUILT_PRODUCTS_DIR; };
		79B3C19A1F851267001A9FB3 /* AppDelegate.swift */ = {isa = PBXFileReference; lastKnownFileType = sourcecode.swift; path = AppDelegate.swift; sourceTree = "<group>"; };
		79B3C19C1F851267001A9FB3 /* LoginViewController.swift */ = {isa = PBXFileReference; lastKnownFileType = sourcecode.swift; path = LoginViewController.swift; sourceTree = "<group>"; };
		79B3C19F1F851267001A9FB3 /* Base */ = {isa = PBXFileReference; lastKnownFileType = file.storyboard; name = Base; path = Base.lproj/Main.storyboard; sourceTree = "<group>"; };
		79B3C1A11F851267001A9FB3 /* Assets.xcassets */ = {isa = PBXFileReference; lastKnownFileType = folder.assetcatalog; path = Assets.xcassets; sourceTree = "<group>"; };
		79B3C1A41F851267001A9FB3 /* Base */ = {isa = PBXFileReference; lastKnownFileType = file.storyboard; name = Base; path = Base.lproj/LaunchScreen.storyboard; sourceTree = "<group>"; };
		79B3C1A61F851267001A9FB3 /* Info.plist */ = {isa = PBXFileReference; lastKnownFileType = text.plist.xml; path = Info.plist; sourceTree = "<group>"; };
		79B3C1AD1F851645001A9FB3 /* LoginTableViewCell.swift */ = {isa = PBXFileReference; lastKnownFileType = sourcecode.swift; path = LoginTableViewCell.swift; sourceTree = "<group>"; };
		79EC9CA21F851B6700E0F925 /* UniversityGroup.swift */ = {isa = PBXFileReference; lastKnownFileType = sourcecode.swift; path = UniversityGroup.swift; sourceTree = "<group>"; };
		79EC9CA51F8744D300E0F925 /* ApiManager.swift */ = {isa = PBXFileReference; lastKnownFileType = sourcecode.swift; path = ApiManager.swift; sourceTree = "<group>"; };
		AC125A4F4EADF6145456110C /* Pods_NaftaRozklad.framework */ = {isa = PBXFileReference; explicitFileType = wrapper.framework; includeInIndex = 0; path = Pods_NaftaRozklad.framework; sourceTree = BUILT_PRODUCTS_DIR; };
		AE041573348E51335144C60D /* Pods-NaftaRozklad.debug.xcconfig */ = {isa = PBXFileReference; includeInIndex = 1; lastKnownFileType = text.xcconfig; name = "Pods-NaftaRozklad.debug.xcconfig"; path = "Pods/Target Support Files/Pods-NaftaRozklad/Pods-NaftaRozklad.debug.xcconfig"; sourceTree = "<group>"; };
/* End PBXFileReference section */

/* Begin PBXFrameworksBuildPhase section */
		79B3C1941F851267001A9FB3 /* Frameworks */ = {
			isa = PBXFrameworksBuildPhase;
			buildActionMask = 2147483647;
			files = (
				D79FF514D2A9F9E77C6CB961 /* Pods_NaftaRozklad.framework in Frameworks */,
			);
			runOnlyForDeploymentPostprocessing = 0;
		};
/* End PBXFrameworksBuildPhase section */

/* Begin PBXGroup section */
		342A1B3BAF855F5DCB8A36F0 /* Pods */ = {
			isa = PBXGroup;
			children = (
				AE041573348E51335144C60D /* Pods-NaftaRozklad.debug.xcconfig */,
				21B1808456216D725AD7F549 /* Pods-NaftaRozklad.release.xcconfig */,
			);
			name = Pods;
			sourceTree = "<group>";
		};
		36B639F00AA0DC8F8304A954 /* Frameworks */ = {
			isa = PBXGroup;
			children = (
				AC125A4F4EADF6145456110C /* Pods_NaftaRozklad.framework */,
			);
			name = Frameworks;
			sourceTree = "<group>";
		};
		79B3C18E1F851267001A9FB3 = {
			isa = PBXGroup;
			children = (
				79B3C1991F851267001A9FB3 /* NaftaRozklad */,
				79B3C1981F851267001A9FB3 /* Products */,
				342A1B3BAF855F5DCB8A36F0 /* Pods */,
				36B639F00AA0DC8F8304A954 /* Frameworks */,
			);
			sourceTree = "<group>";
		};
		79B3C1981F851267001A9FB3 /* Products */ = {
			isa = PBXGroup;
			children = (
				79B3C1971F851267001A9FB3 /* NaftaRozklad.app */,
			);
			name = Products;
			sourceTree = "<group>";
		};
		79B3C1991F851267001A9FB3 /* NaftaRozklad */ = {
			isa = PBXGroup;
			children = (
				79EC9CA41F8744BD00E0F925 /* WebApi */,
				79B3C1AC1F85140B001A9FB3 /* LoginScene */,
				79B3C19A1F851267001A9FB3 /* AppDelegate.swift */,
				79B3C19E1F851267001A9FB3 /* Main.storyboard */,
				79B3C1A11F851267001A9FB3 /* Assets.xcassets */,
				79B3C1A31F851267001A9FB3 /* LaunchScreen.storyboard */,
				79B3C1A61F851267001A9FB3 /* Info.plist */,
			);
			path = NaftaRozklad;
			sourceTree = "<group>";
		};
		79B3C1AC1F85140B001A9FB3 /* LoginScene */ = {
			isa = PBXGroup;
			children = (
				79B3C19C1F851267001A9FB3 /* LoginViewController.swift */,
				79B3C1AD1F851645001A9FB3 /* LoginTableViewCell.swift */,
				79EC9CA21F851B6700E0F925 /* UniversityGroup.swift */,
			);
			path = LoginScene;
			sourceTree = "<group>";
		};
		79EC9CA41F8744BD00E0F925 /* WebApi */ = {
			isa = PBXGroup;
			children = (
				79EC9CA51F8744D300E0F925 /* ApiManager.swift */,
			);
			path = WebApi;
			sourceTree = "<group>";
		};
/* End PBXGroup section */

/* Begin PBXNativeTarget section */
		79B3C1961F851267001A9FB3 /* NaftaRozklad */ = {
			isa = PBXNativeTarget;
			buildConfigurationList = 79B3C1A91F851267001A9FB3 /* Build configuration list for PBXNativeTarget "NaftaRozklad" */;
			buildPhases = (
				A003680377F78F24648DCD8F /* [CP] Check Pods Manifest.lock */,
				79B3C1931F851267001A9FB3 /* Sources */,
				79B3C1941F851267001A9FB3 /* Frameworks */,
				79B3C1951F851267001A9FB3 /* Resources */,
				7B7C2AE3E2BE25DDAB1DF05D /* [CP] Embed Pods Frameworks */,
				601E415A1E71DAF32432D981 /* [CP] Copy Pods Resources */,
			);
			buildRules = (
			);
			dependencies = (
			);
			name = NaftaRozklad;
			productName = NaftaRozklad;
			productReference = 79B3C1971F851267001A9FB3 /* NaftaRozklad.app */;
			productType = "com.apple.product-type.application";
		};
/* End PBXNativeTarget section */

/* Begin PBXProject section */
		79B3C18F1F851267001A9FB3 /* Project object */ = {
			isa = PBXProject;
			attributes = {
				LastSwiftUpdateCheck = 0900;
				LastUpgradeCheck = 0900;
				ORGANIZATIONNAME = "Yevhen Velizhenkov";
				TargetAttributes = {
					79B3C1961F851267001A9FB3 = {
						CreatedOnToolsVersion = 9.0;
						ProvisioningStyle = Automatic;
					};
				};
			};
			buildConfigurationList = 79B3C1921F851267001A9FB3 /* Build configuration list for PBXProject "NaftaRozklad" */;
			compatibilityVersion = "Xcode 8.0";
			developmentRegion = en;
			hasScannedForEncodings = 0;
			knownRegions = (
				en,
				Base,
			);
			mainGroup = 79B3C18E1F851267001A9FB3;
			productRefGroup = 79B3C1981F851267001A9FB3 /* Products */;
			projectDirPath = "";
			projectRoot = "";
			targets = (
				79B3C1961F851267001A9FB3 /* NaftaRozklad */,
			);
		};
/* End PBXProject section */

/* Begin PBXResourcesBuildPhase section */
		79B3C1951F851267001A9FB3 /* Resources */ = {
			isa = PBXResourcesBuildPhase;
			buildActionMask = 2147483647;
			files = (
				79B3C1A51F851267001A9FB3 /* LaunchScreen.storyboard in Resources */,
				79B3C1A21F851267001A9FB3 /* Assets.xcassets in Resources */,
				79B3C1A01F851267001A9FB3 /* Main.storyboard in Resources */,
			);
			runOnlyForDeploymentPostprocessing = 0;
		};
/* End PBXResourcesBuildPhase section */

/* Begin PBXShellScriptBuildPhase section */
		601E415A1E71DAF32432D981 /* [CP] Copy Pods Resources */ = {
			isa = PBXShellScriptBuildPhase;
			buildActionMask = 2147483647;
			files = (
			);
			inputPaths = (
			);
			name = "[CP] Copy Pods Resources";
			outputPaths = (
			);
			runOnlyForDeploymentPostprocessing = 0;
			shellPath = /bin/sh;
			shellScript = "\"${SRCROOT}/Pods/Target Support Files/Pods-NaftaRozklad/Pods-NaftaRozklad-resources.sh\"\n";
			showEnvVarsInLog = 0;
		};
		7B7C2AE3E2BE25DDAB1DF05D /* [CP] Embed Pods Frameworks */ = {
			isa = PBXShellScriptBuildPhase;
			buildActionMask = 2147483647;
			files = (
			);
			inputPaths = (
				"${SRCROOT}/Pods/Target Support Files/Pods-NaftaRozklad/Pods-NaftaRozklad-frameworks.sh",
				"${BUILT_PRODUCTS_DIR}/Alamofire/Alamofire.framework",
				"${BUILT_PRODUCTS_DIR}/ChameleonFramework/ChameleonFramework.framework",
				"${BUILT_PRODUCTS_DIR}/Realm/Realm.framework",
				"${BUILT_PRODUCTS_DIR}/RealmSwift/RealmSwift.framework",
				"${BUILT_PRODUCTS_DIR}/SwiftyJSON/SwiftyJSON.framework",
			);
			name = "[CP] Embed Pods Frameworks";
			outputPaths = (
				"${TARGET_BUILD_DIR}/${FRAMEWORKS_FOLDER_PATH}/Alamofire.framework",
				"${TARGET_BUILD_DIR}/${FRAMEWORKS_FOLDER_PATH}/ChameleonFramework.framework",
				"${TARGET_BUILD_DIR}/${FRAMEWORKS_FOLDER_PATH}/Realm.framework",
				"${TARGET_BUILD_DIR}/${FRAMEWORKS_FOLDER_PATH}/RealmSwift.framework",
				"${TARGET_BUILD_DIR}/${FRAMEWORKS_FOLDER_PATH}/SwiftyJSON.framework",
			);
			runOnlyForDeploymentPostprocessing = 0;
			shellPath = /bin/sh;
			shellScript = "\"${SRCROOT}/Pods/Target Support Files/Pods-NaftaRozklad/Pods-NaftaRozklad-frameworks.sh\"\n";
			showEnvVarsInLog = 0;
		};
		A003680377F78F24648DCD8F /* [CP] Check Pods Manifest.lock */ = {
			isa = PBXShellScriptBuildPhase;
			buildActionMask = 2147483647;
			files = (
			);
			inputPaths = (
				"${PODS_PODFILE_DIR_PATH}/Podfile.lock",
				"${PODS_ROOT}/Manifest.lock",
			);
			name = "[CP] Check Pods Manifest.lock";
			outputPaths = (
				"$(DERIVED_FILE_DIR)/Pods-NaftaRozklad-checkManifestLockResult.txt",
			);
			runOnlyForDeploymentPostprocessing = 0;
			shellPath = /bin/sh;
			shellScript = "diff \"${PODS_PODFILE_DIR_PATH}/Podfile.lock\" \"${PODS_ROOT}/Manifest.lock\" > /dev/null\nif [ $? != 0 ] ; then\n    # print error to STDERR\n    echo \"error: The sandbox is not in sync with the Podfile.lock. Run 'pod install' or update your CocoaPods installation.\" >&2\n    exit 1\nfi\n# This output is used by Xcode 'outputs' to avoid re-running this script phase.\necho \"SUCCESS\" > \"${SCRIPT_OUTPUT_FILE_0}\"\n";
			showEnvVarsInLog = 0;
		};
/* End PBXShellScriptBuildPhase section */

/* Begin PBXSourcesBuildPhase section */
		79B3C1931F851267001A9FB3 /* Sources */ = {
			isa = PBXSourcesBuildPhase;
			buildActionMask = 2147483647;
			files = (
				79B3C19D1F851267001A9FB3 /* LoginViewController.swift in Sources */,
				79B3C19B1F851267001A9FB3 /* AppDelegate.swift in Sources */,
				79EC9CA61F8744D300E0F925 /* ApiManager.swift in Sources */,
				79B3C1AE1F851645001A9FB3 /* LoginTableViewCell.swift in Sources */,
				79EC9CA31F851B6700E0F925 /* UniversityGroup.swift in Sources */,
			);
			runOnlyForDeploymentPostprocessing = 0;
		};
/* End PBXSourcesBuildPhase section */

/* Begin PBXVariantGroup section */
		79B3C19E1F851267001A9FB3 /* Main.storyboard */ = {
			isa = PBXVariantGroup;
			children = (
				79B3C19F1F851267001A9FB3 /* Base */,
			);
			name = Main.storyboard;
			sourceTree = "<group>";
		};
		79B3C1A31F851267001A9FB3 /* LaunchScreen.storyboard */ = {
			isa = PBXVariantGroup;
			children = (
				79B3C1A41F851267001A9FB3 /* Base */,
			);
			name = LaunchScreen.storyboard;
			sourceTree = "<group>";
		};
/* End PBXVariantGroup section */

/* Begin XCBuildConfiguration section */
		79B3C1A71F851267001A9FB3 /* Debug */ = {
			isa = XCBuildConfiguration;
			buildSettings = {
				ALWAYS_SEARCH_USER_PATHS = NO;
				CLANG_ANALYZER_NONNULL = YES;
				CLANG_ANALYZER_NUMBER_OBJECT_CONVERSION = YES_AGGRESSIVE;
				CLANG_CXX_LANGUAGE_STANDARD = "gnu++14";
				CLANG_CXX_LIBRARY = "libc++";
				CLANG_ENABLE_MODULES = YES;
				CLANG_ENABLE_OBJC_ARC = YES;
				CLANG_WARN_BLOCK_CAPTURE_AUTORELEASING = YES;
				CLANG_WARN_BOOL_CONVERSION = YES;
				CLANG_WARN_COMMA = YES;
				CLANG_WARN_CONSTANT_CONVERSION = YES;
				CLANG_WARN_DIRECT_OBJC_ISA_USAGE = YES_ERROR;
				CLANG_WARN_DOCUMENTATION_COMMENTS = YES;
				CLANG_WARN_EMPTY_BODY = YES;
				CLANG_WARN_ENUM_CONVERSION = YES;
				CLANG_WARN_INFINITE_RECURSION = YES;
				CLANG_WARN_INT_CONVERSION = YES;
				CLANG_WARN_NON_LITERAL_NULL_CONVERSION = YES;
				CLANG_WARN_OBJC_LITERAL_CONVERSION = YES;
				CLANG_WARN_OBJC_ROOT_CLASS = YES_ERROR;
				CLANG_WARN_RANGE_LOOP_ANALYSIS = YES;
				CLANG_WARN_STRICT_PROTOTYPES = YES;
				CLANG_WARN_SUSPICIOUS_MOVE = YES;
				CLANG_WARN_UNGUARDED_AVAILABILITY = YES_AGGRESSIVE;
				CLANG_WARN_UNREACHABLE_CODE = YES;
				CLANG_WARN__DUPLICATE_METHOD_MATCH = YES;
				CODE_SIGN_IDENTITY = "iPhone Developer";
				COPY_PHASE_STRIP = NO;
				DEBUG_INFORMATION_FORMAT = dwarf;
				ENABLE_STRICT_OBJC_MSGSEND = YES;
				ENABLE_TESTABILITY = YES;
				GCC_C_LANGUAGE_STANDARD = gnu11;
				GCC_DYNAMIC_NO_PIC = NO;
				GCC_NO_COMMON_BLOCKS = YES;
				GCC_OPTIMIZATION_LEVEL = 0;
				GCC_PREPROCESSOR_DEFINITIONS = (
					"DEBUG=1",
					"$(inherited)",
				);
				GCC_WARN_64_TO_32_BIT_CONVERSION = YES;
				GCC_WARN_ABOUT_RETURN_TYPE = YES_ERROR;
				GCC_WARN_UNDECLARED_SELECTOR = YES;
				GCC_WARN_UNINITIALIZED_AUTOS = YES_AGGRESSIVE;
				GCC_WARN_UNUSED_FUNCTION = YES;
				GCC_WARN_UNUSED_VARIABLE = YES;
				IPHONEOS_DEPLOYMENT_TARGET = 11.0;
				MTL_ENABLE_DEBUG_INFO = YES;
				ONLY_ACTIVE_ARCH = YES;
				SDKROOT = iphoneos;
				SWIFT_ACTIVE_COMPILATION_CONDITIONS = DEBUG;
				SWIFT_OPTIMIZATION_LEVEL = "-Onone";
			};
			name = Debug;
		};
		79B3C1A81F851267001A9FB3 /* Release */ = {
			isa = XCBuildConfiguration;
			buildSettings = {
				ALWAYS_SEARCH_USER_PATHS = NO;
				CLANG_ANALYZER_NONNULL = YES;
				CLANG_ANALYZER_NUMBER_OBJECT_CONVERSION = YES_AGGRESSIVE;
				CLANG_CXX_LANGUAGE_STANDARD = "gnu++14";
				CLANG_CXX_LIBRARY = "libc++";
				CLANG_ENABLE_MODULES = YES;
				CLANG_ENABLE_OBJC_ARC = YES;
				CLANG_WARN_BLOCK_CAPTURE_AUTORELEASING = YES;
				CLANG_WARN_BOOL_CONVERSION = YES;
				CLANG_WARN_COMMA = YES;
				CLANG_WARN_CONSTANT_CONVERSION = YES;
				CLANG_WARN_DIRECT_OBJC_ISA_USAGE = YES_ERROR;
				CLANG_WARN_DOCUMENTATION_COMMENTS = YES;
				CLANG_WARN_EMPTY_BODY = YES;
				CLANG_WARN_ENUM_CONVERSION = YES;
				CLANG_WARN_INFINITE_RECURSION = YES;
				CLANG_WARN_INT_CONVERSION = YES;
				CLANG_WARN_NON_LITERAL_NULL_CONVERSION = YES;
				CLANG_WARN_OBJC_LITERAL_CONVERSION = YES;
				CLANG_WARN_OBJC_ROOT_CLASS = YES_ERROR;
				CLANG_WARN_RANGE_LOOP_ANALYSIS = YES;
				CLANG_WARN_STRICT_PROTOTYPES = YES;
				CLANG_WARN_SUSPICIOUS_MOVE = YES;
				CLANG_WARN_UNGUARDED_AVAILABILITY = YES_AGGRESSIVE;
				CLANG_WARN_UNREACHABLE_CODE = YES;
				CLANG_WARN__DUPLICATE_METHOD_MATCH = YES;
				CODE_SIGN_IDENTITY = "iPhone Developer";
				COPY_PHASE_STRIP = NO;
				DEBUG_INFORMATION_FORMAT = "dwarf-with-dsym";
				ENABLE_NS_ASSERTIONS = NO;
				ENABLE_STRICT_OBJC_MSGSEND = YES;
				GCC_C_LANGUAGE_STANDARD = gnu11;
				GCC_NO_COMMON_BLOCKS = YES;
				GCC_WARN_64_TO_32_BIT_CONVERSION = YES;
				GCC_WARN_ABOUT_RETURN_TYPE = YES_ERROR;
				GCC_WARN_UNDECLARED_SELECTOR = YES;
				GCC_WARN_UNINITIALIZED_AUTOS = YES_AGGRESSIVE;
				GCC_WARN_UNUSED_FUNCTION = YES;
				GCC_WARN_UNUSED_VARIABLE = YES;
				IPHONEOS_DEPLOYMENT_TARGET = 11.0;
				MTL_ENABLE_DEBUG_INFO = NO;
				SDKROOT = iphoneos;
				SWIFT_OPTIMIZATION_LEVEL = "-Owholemodule";
				VALIDATE_PRODUCT = YES;
			};
			name = Release;
		};
		79B3C1AA1F851267001A9FB3 /* Debug */ = {
			isa = XCBuildConfiguration;
			baseConfigurationReference = AE041573348E51335144C60D /* Pods-NaftaRozklad.debug.xcconfig */;
			buildSettings = {
				ASSETCATALOG_COMPILER_APPICON_NAME = AppIcon;
				CODE_SIGN_STYLE = Automatic;
				DEVELOPMENT_TEAM = A3J3S3699E;
				INFOPLIST_FILE = NaftaRozklad/Info.plist;
				LD_RUNPATH_SEARCH_PATHS = "$(inherited) @executable_path/Frameworks";
				PRODUCT_BUNDLE_IDENTIFIER = com.nafta.rozklad.NaftaRozklad;
				PRODUCT_NAME = "$(TARGET_NAME)";
				SWIFT_VERSION = 4.0;
				TARGETED_DEVICE_FAMILY = "1,2";
			};
			name = Debug;
		};
		79B3C1AB1F851267001A9FB3 /* Release */ = {
			isa = XCBuildConfiguration;
			baseConfigurationReference = 21B1808456216D725AD7F549 /* Pods-NaftaRozklad.release.xcconfig */;
			buildSettings = {
				ASSETCATALOG_COMPILER_APPICON_NAME = AppIcon;
				CODE_SIGN_STYLE = Automatic;
				DEVELOPMENT_TEAM = A3J3S3699E;
				INFOPLIST_FILE = NaftaRozklad/Info.plist;
				LD_RUNPATH_SEARCH_PATHS = "$(inherited) @executable_path/Frameworks";
				PRODUCT_BUNDLE_IDENTIFIER = com.nafta.rozklad.NaftaRozklad;
				PRODUCT_NAME = "$(TARGET_NAME)";
				SWIFT_VERSION = 4.0;
				TARGETED_DEVICE_FAMILY = "1,2";
			};
			name = Release;
		};
/* End XCBuildConfiguration section */

/* Begin XCConfigurationList section */
		79B3C1921F851267001A9FB3 /* Build configuration list for PBXProject "NaftaRozklad" */ = {
			isa = XCConfigurationList;
			buildConfigurations = (
				79B3C1A71F851267001A9FB3 /* Debug */,
				79B3C1A81F851267001A9FB3 /* Release */,
			);
			defaultConfigurationIsVisible = 0;
			defaultConfigurationName = Release;
		};
		79B3C1A91F851267001A9FB3 /* Build configuration list for PBXNativeTarget "NaftaRozklad" */ = {
			isa = XCConfigurationList;
			buildConfigurations = (
				79B3C1AA1F851267001A9FB3 /* Debug */,
				79B3C1AB1F851267001A9FB3 /* Release */,
			);
			defaultConfigurationIsVisible = 0;
			defaultConfigurationName = Release;
		};
/* End XCConfigurationList section */
	};
	rootObject = 79B3C18F1F851267001A9FB3 /* Project object */;
}
